
Microsoft Visual Studio Solution File, Format Version 12.00
# Visual Studio Version 17
VisualStudioVersion = 17.0.31903.59
MinimumVisualStudioVersion = 10.0.40219.1
Project("{2150E333-8FDC-42A3-9474-1A3956D46DE8}") = "Services", "Services", "{5854FF58-B8C5-05C6-5BF2-ACE42193F22B}"
EndProject
Project("{FAE04EC0-301F-11D3-BF4B-00C04F79EFBC}") = "User", "Services\User\User.csproj", "{0CA2F946-B311-4775-875C-0A6DB8C30EC6}"
EndProject
Project("{FAE04EC0-301F-11D3-BF4B-00C04F79EFBC}") = "Blob", "Services\Blob\Blob.csproj", "{86A71923-F0CB-4320-B8A4-FD6BC49B0C5D}"
EndProject
Project("{FAE04EC0-301F-11D3-BF4B-00C04F79EFBC}") = "Item", "Services\Item\Item.csproj", "{7618D4AE-45BC-4C82-9182-9F2310C4A917}"
EndProject
Project("{FAE04EC0-301F-11D3-BF4B-00C04F79EFBC}") = "Shared", "Shared\Shared.csproj", "{C71E0FD1-8E00-49C7-8798-0BFBD16FC2C1}"
EndProject
Project("{2150E333-8FDC-42A3-9474-1A3956D46DE8}") = "Tests", "Tests", "{0AB3BF05-4346-4AA6-1389-037BE0695223}"
EndProject
Project("{FAE04EC0-301F-11D3-BF4B-00C04F79EFBC}") = "User.Tests", "Tests\User.Tests\User.Tests.csproj", "{61F5AD9A-602F-421F-91A2-5AEF2BF43A45}"
EndProject
Project("{FAE04EC0-301F-11D3-BF4B-00C04F79EFBC}") = "Item.Tests", "Tests\Item.Tests\Item.Tests.csproj", "{E419896C-DB39-4342-9B8A-FB644327907B}"
EndProject
Global
	GlobalSection(SolutionConfigurationPlatforms) = preSolution
		Debug|Any CPU = Debug|Any CPU
		Debug|x64 = Debug|x64
		Debug|x86 = Debug|x86
		Release|Any CPU = Release|Any CPU
		Release|x64 = Release|x64
		Release|x86 = Release|x86
	EndGlobalSection
	GlobalSection(ProjectConfigurationPlatforms) = postSolution
		{0CA2F946-B311-4775-875C-0A6DB8C30EC6}.Debug|Any CPU.ActiveCfg = Debug|Any CPU
		{0CA2F946-B311-4775-875C-0A6DB8C30EC6}.Debug|Any CPU.Build.0 = Debug|Any CPU
		{0CA2F946-B311-4775-875C-0A6DB8C30EC6}.Debug|x64.ActiveCfg = Debug|Any CPU
		{0CA2F946-B311-4775-875C-0A6DB8C30EC6}.Debug|x64.Build.0 = Debug|Any CPU
		{0CA2F946-B311-4775-875C-0A6DB8C30EC6}.Debug|x86.ActiveCfg = Debug|Any CPU
		{0CA2F946-B311-4775-875C-0A6DB8C30EC6}.Debug|x86.Build.0 = Debug|Any CPU
		{0CA2F946-B311-4775-875C-0A6DB8C30EC6}.Release|Any CPU.ActiveCfg = Release|Any CPU
		{0CA2F946-B311-4775-875C-0A6DB8C30EC6}.Release|Any CPU.Build.0 = Release|Any CPU
		{0CA2F946-B311-4775-875C-0A6DB8C30EC6}.Release|x64.ActiveCfg = Release|Any CPU
		{0CA2F946-B311-4775-875C-0A6DB8C30EC6}.Release|x64.Build.0 = Release|Any CPU
		{0CA2F946-B311-4775-875C-0A6DB8C30EC6}.Release|x86.ActiveCfg = Release|Any CPU
		{0CA2F946-B311-4775-875C-0A6DB8C30EC6}.Release|x86.Build.0 = Release|Any CPU
		{86A71923-F0CB-4320-B8A4-FD6BC49B0C5D}.Debug|Any CPU.ActiveCfg = Debug|Any CPU
		{86A71923-F0CB-4320-B8A4-FD6BC49B0C5D}.Debug|Any CPU.Build.0 = Debug|Any CPU
		{86A71923-F0CB-4320-B8A4-FD6BC49B0C5D}.Debug|x64.ActiveCfg = Debug|Any CPU
		{86A71923-F0CB-4320-B8A4-FD6BC49B0C5D}.Debug|x64.Build.0 = Debug|Any CPU
		{86A71923-F0CB-4320-B8A4-FD6BC49B0C5D}.Debug|x86.ActiveCfg = Debug|Any CPU
		{86A71923-F0CB-4320-B8A4-FD6BC49B0C5D}.Debug|x86.Build.0 = Debug|Any CPU
		{86A71923-F0CB-4320-B8A4-FD6BC49B0C5D}.Release|Any CPU.ActiveCfg = Release|Any CPU
		{86A71923-F0CB-4320-B8A4-FD6BC49B0C5D}.Release|Any CPU.Build.0 = Release|Any CPU
		{86A71923-F0CB-4320-B8A4-FD6BC49B0C5D}.Release|x64.ActiveCfg = Release|Any CPU
		{86A71923-F0CB-4320-B8A4-FD6BC49B0C5D}.Release|x64.Build.0 = Release|Any CPU
		{86A71923-F0CB-4320-B8A4-FD6BC49B0C5D}.Release|x86.ActiveCfg = Release|Any CPU
		{86A71923-F0CB-4320-B8A4-FD6BC49B0C5D}.Release|x86.Build.0 = Release|Any CPU
		{7618D4AE-45BC-4C82-9182-9F2310C4A917}.Debug|Any CPU.ActiveCfg = Debug|Any CPU
		{7618D4AE-45BC-4C82-9182-9F2310C4A917}.Debug|Any CPU.Build.0 = Debug|Any CPU
		{7618D4AE-45BC-4C82-9182-9F2310C4A917}.Debug|x64.ActiveCfg = Debug|Any CPU
		{7618D4AE-45BC-4C82-9182-9F2310C4A917}.Debug|x64.Build.0 = Debug|Any CPU
		{7618D4AE-45BC-4C82-9182-9F2310C4A917}.Debug|x86.ActiveCfg = Debug|Any CPU
		{7618D4AE-45BC-4C82-9182-9F2310C4A917}.Debug|x86.Build.0 = Debug|Any CPU
		{7618D4AE-45BC-4C82-9182-9F2310C4A917}.Release|Any CPU.ActiveCfg = Release|Any CPU
		{7618D4AE-45BC-4C82-9182-9F2310C4A917}.Release|Any CPU.Build.0 = Release|Any CPU
		{7618D4AE-45BC-4C82-9182-9F2310C4A917}.Release|x64.ActiveCfg = Release|Any CPU
		{7618D4AE-45BC-4C82-9182-9F2310C4A917}.Release|x64.Build.0 = Release|Any CPU
		{7618D4AE-45BC-4C82-9182-9F2310C4A917}.Release|x86.ActiveCfg = Release|Any CPU
		{7618D4AE-45BC-4C82-9182-9F2310C4A917}.Release|x86.Build.0 = Release|Any CPU
		{C71E0FD1-8E00-49C7-8798-0BFBD16FC2C1}.Debug|Any CPU.ActiveCfg = Debug|Any CPU
		{C71E0FD1-8E00-49C7-8798-0BFBD16FC2C1}.Debug|Any CPU.Build.0 = Debug|Any CPU
		{C71E0FD1-8E00-49C7-8798-0BFBD16FC2C1}.Debug|x64.ActiveCfg = Debug|Any CPU
		{C71E0FD1-8E00-49C7-8798-0BFBD16FC2C1}.Debug|x64.Build.0 = Debug|Any CPU
		{C71E0FD1-8E00-49C7-8798-0BFBD16FC2C1}.Debug|x86.ActiveCfg = Debug|Any CPU
		{C71E0FD1-8E00-49C7-8798-0BFBD16FC2C1}.Debug|x86.Build.0 = Debug|Any CPU
		{C71E0FD1-8E00-49C7-8798-0BFBD16FC2C1}.Release|Any CPU.ActiveCfg = Release|Any CPU
		{C71E0FD1-8E00-49C7-8798-0BFBD16FC2C1}.Release|Any CPU.Build.0 = Release|Any CPU
		{C71E0FD1-8E00-49C7-8798-0BFBD16FC2C1}.Release|x64.ActiveCfg = Release|Any CPU
		{C71E0FD1-8E00-49C7-8798-0BFBD16FC2C1}.Release|x64.Build.0 = Release|Any CPU
		{C71E0FD1-8E00-49C7-8798-0BFBD16FC2C1}.Release|x86.ActiveCfg = Release|Any CPU
		{C71E0FD1-8E00-49C7-8798-0BFBD16FC2C1}.Release|x86.Build.0 = Release|Any CPU
		{61F5AD9A-602F-421F-91A2-5AEF2BF43A45}.Debug|Any CPU.ActiveCfg = Debug|Any CPU
		{61F5AD9A-602F-421F-91A2-5AEF2BF43A45}.Debug|Any CPU.Build.0 = Debug|Any CPU
		{61F5AD9A-602F-421F-91A2-5AEF2BF43A45}.Debug|x64.ActiveCfg = Debug|Any CPU
		{61F5AD9A-602F-421F-91A2-5AEF2BF43A45}.Debug|x64.Build.0 = Debug|Any CPU
		{61F5AD9A-602F-421F-91A2-5AEF2BF43A45}.Debug|x86.ActiveCfg = Debug|Any CPU
		{61F5AD9A-602F-421F-91A2-5AEF2BF43A45}.Debug|x86.Build.0 = Debug|Any CPU
		{61F5AD9A-602F-421F-91A2-5AEF2BF43A45}.Release|Any CPU.ActiveCfg = Release|Any CPU
		{61F5AD9A-602F-421F-91A2-5AEF2BF43A45}.Release|Any CPU.Build.0 = Release|Any CPU
		{61F5AD9A-602F-421F-91A2-5AEF2BF43A45}.Release|x64.ActiveCfg = Release|Any CPU
		{61F5AD9A-602F-421F-91A2-5AEF2BF43A45}.Release|x64.Build.0 = Release|Any CPU
		{61F5AD9A-602F-421F-91A2-5AEF2BF43A45}.Release|x86.ActiveCfg = Release|Any CPU
		{61F5AD9A-602F-421F-91A2-5AEF2BF43A45}.Release|x86.Build.0 = Release|Any CPU
		{E419896C-DB39-4342-9B8A-FB644327907B}.Debug|Any CPU.ActiveCfg = Debug|Any CPU
		{E419896C-DB39-4342-9B8A-FB644327907B}.Debug|Any CPU.Build.0 = Debug|Any CPU
		{E419896C-DB39-4342-9B8A-FB644327907B}.Debug|x64.ActiveCfg = Debug|Any CPU
		{E419896C-DB39-4342-9B8A-FB644327907B}.Debug|x64.Build.0 = Debug|Any CPU
		{E419896C-DB39-4342-9B8A-FB644327907B}.Debug|x86.ActiveCfg = Debug|Any CPU
		{E419896C-DB39-4342-9B8A-FB644327907B}.Debug|x86.Build.0 = Debug|Any CPU
		{E419896C-DB39-4342-9B8A-FB644327907B}.Release|Any CPU.ActiveCfg = Release|Any CPU
		{E419896C-DB39-4342-9B8A-FB644327907B}.Release|Any CPU.Build.0 = Release|Any CPU
		{E419896C-DB39-4342-9B8A-FB644327907B}.Release|x64.ActiveCfg = Release|Any CPU
		{E419896C-DB39-4342-9B8A-FB644327907B}.Release|x64.Build.0 = Release|Any CPU
		{E419896C-DB39-4342-9B8A-FB644327907B}.Release|x86.ActiveCfg = Release|Any CPU
		{E419896C-DB39-4342-9B8A-FB644327907B}.Release|x86.Build.0 = Release|Any CPU
	EndGlobalSection
	GlobalSection(SolutionProperties) = preSolution
		HideSolutionNode = FALSE
	EndGlobalSection
	GlobalSection(NestedProjects) = preSolution
		{0CA2F946-B311-4775-875C-0A6DB8C30EC6} = {5854FF58-B8C5-05C6-5BF2-ACE42193F22B}
		{86A71923-F0CB-4320-B8A4-FD6BC49B0C5D} = {5854FF58-B8C5-05C6-5BF2-ACE42193F22B}
		{7618D4AE-45BC-4C82-9182-9F2310C4A917} = {5854FF58-B8C5-05C6-5BF2-ACE42193F22B}
		{61F5AD9A-602F-421F-91A2-5AEF2BF43A45} = {0AB3BF05-4346-4AA6-1389-037BE0695223}
		{E419896C-DB39-4342-9B8A-FB644327907B} = {0AB3BF05-4346-4AA6-1389-037BE0695223}
	EndGlobalSection
	GlobalSection(ExtensibilityGlobals) = postSolution
		SolutionGuid = {EBE999FB-CBCD-4A3F-A239-D6681682B314}
	EndGlobalSection
EndGlobal
